// !$*UTF8*$!
{
	archiveVersion = 1;
	classes = {
	};
	objectVersion = 50;
	objects = {

/* Begin PBXBuildFile section */
		6C46DE77209424EB00EE7F54 /* SlideViewController.swift in Sources */ = {isa = PBXBuildFile; fileRef = 6C46DE76209424EB00EE7F54 /* SlideViewController.swift */; };
		6C52578020946F9E00097E91 /* FlickrPublicFeedResponse.swift in Sources */ = {isa = PBXBuildFile; fileRef = 6C52577F20946F9E00097E91 /* FlickrPublicFeedResponse.swift */; };
		6C52578220946FBB00097E91 /* FlickrImageMetaData.swift in Sources */ = {isa = PBXBuildFile; fileRef = 6C52578120946FBB00097E91 /* FlickrImageMetaData.swift */; };
		6C65ED42209408A10029FBD5 /* AppDelegate.swift in Sources */ = {isa = PBXBuildFile; fileRef = 6C65ED41209408A10029FBD5 /* AppDelegate.swift */; };
		6C65ED47209408A10029FBD5 /* Main.storyboard in Resources */ = {isa = PBXBuildFile; fileRef = 6C65ED45209408A10029FBD5 /* Main.storyboard */; };
		6C65ED49209408A20029FBD5 /* Assets.xcassets in Resources */ = {isa = PBXBuildFile; fileRef = 6C65ED48209408A20029FBD5 /* Assets.xcassets */; };
		6C65ED4C209408A20029FBD5 /* LaunchScreen.storyboard in Resources */ = {isa = PBXBuildFile; fileRef = 6C65ED4A209408A20029FBD5 /* LaunchScreen.storyboard */; };
		6C65ED57209408A20029FBD5 /* FlickrSlideShowTests.swift in Sources */ = {isa = PBXBuildFile; fileRef = 6C65ED56209408A20029FBD5 /* FlickrSlideShowTests.swift */; };
		6C833560209488B300662188 /* StartViewController.swift in Sources */ = {isa = PBXBuildFile; fileRef = 6C65ED43209408A10029FBD5 /* StartViewController.swift */; };
		6C8335622094BCF100662188 /* FlickrImageQueue.swift in Sources */ = {isa = PBXBuildFile; fileRef = 6C8335612094BCF100662188 /* FlickrImageQueue.swift */; };
		6CF62F5220945F610043B409 /* FlickrImageAPI.swift in Sources */ = {isa = PBXBuildFile; fileRef = 6CF62F5120945F610043B409 /* FlickrImageAPI.swift */; };
		6CF62F54209460080043B409 /* FlickrURL.swift in Sources */ = {isa = PBXBuildFile; fileRef = 6CF62F53209460080043B409 /* FlickrURL.swift */; };
		6CF62F572094626F0043B409 /* String.swift in Sources */ = {isa = PBXBuildFile; fileRef = 6CF62F562094626F0043B409 /* String.swift */; };
/* End PBXBuildFile section */

/* Begin PBXContainerItemProxy section */
		6C65ED53209408A20029FBD5 /* PBXContainerItemProxy */ = {
			isa = PBXContainerItemProxy;
			containerPortal = 6C65ED36209408A10029FBD5 /* Project object */;
			proxyType = 1;
			remoteGlobalIDString = 6C65ED3D209408A10029FBD5;
			remoteInfo = FlickrSlideShow;
		};
/* End PBXContainerItemProxy section */

/* Begin PBXFileReference section */
		6C46DE76209424EB00EE7F54 /* SlideViewController.swift */ = {isa = PBXFileReference; lastKnownFileType = sourcecode.swift; path = SlideViewController.swift; sourceTree = "<group>"; };
		6C52577F20946F9E00097E91 /* FlickrPublicFeedResponse.swift */ = {isa = PBXFileReference; lastKnownFileType = sourcecode.swift; path = FlickrPublicFeedResponse.swift; sourceTree = "<group>"; };
		6C52578120946FBB00097E91 /* FlickrImageMetaData.swift */ = {isa = PBXFileReference; lastKnownFileType = sourcecode.swift; path = FlickrImageMetaData.swift; sourceTree = "<group>"; };
		6C65ED3E209408A10029FBD5 /* FlickrSlideShow.app */ = {isa = PBXFileReference; explicitFileType = wrapper.application; includeInIndex = 0; path = FlickrSlideShow.app; sourceTree = BUILT_PRODUCTS_DIR; };
		6C65ED41209408A10029FBD5 /* AppDelegate.swift */ = {isa = PBXFileReference; lastKnownFileType = sourcecode.swift; path = AppDelegate.swift; sourceTree = "<group>"; };
		6C65ED43209408A10029FBD5 /* StartViewController.swift */ = {isa = PBXFileReference; lastKnownFileType = sourcecode.swift; path = StartViewController.swift; sourceTree = "<group>"; };
		6C65ED46209408A10029FBD5 /* Base */ = {isa = PBXFileReference; lastKnownFileType = file.storyboard; name = Base; path = Base.lproj/Main.storyboard; sourceTree = "<group>"; };
		6C65ED48209408A20029FBD5 /* Assets.xcassets */ = {isa = PBXFileReference; lastKnownFileType = folder.assetcatalog; path = Assets.xcassets; sourceTree = "<group>"; };
		6C65ED4B209408A20029FBD5 /* Base */ = {isa = PBXFileReference; lastKnownFileType = file.storyboard; name = Base; path = Base.lproj/LaunchScreen.storyboard; sourceTree = "<group>"; };
		6C65ED4D209408A20029FBD5 /* Info.plist */ = {isa = PBXFileReference; lastKnownFileType = text.plist.xml; path = Info.plist; sourceTree = "<group>"; };
		6C65ED52209408A20029FBD5 /* FlickrSlideShowTests.xctest */ = {isa = PBXFileReference; explicitFileType = wrapper.cfbundle; includeInIndex = 0; path = FlickrSlideShowTests.xctest; sourceTree = BUILT_PRODUCTS_DIR; };
		6C65ED56209408A20029FBD5 /* FlickrSlideShowTests.swift */ = {isa = PBXFileReference; lastKnownFileType = sourcecode.swift; path = FlickrSlideShowTests.swift; sourceTree = "<group>"; };
		6C65ED58209408A20029FBD5 /* Info.plist */ = {isa = PBXFileReference; lastKnownFileType = text.plist.xml; path = Info.plist; sourceTree = "<group>"; };
		6C8335612094BCF100662188 /* FlickrImageQueue.swift */ = {isa = PBXFileReference; lastKnownFileType = sourcecode.swift; path = FlickrImageQueue.swift; sourceTree = "<group>"; };
		6CF62F5120945F610043B409 /* FlickrImageAPI.swift */ = {isa = PBXFileReference; lastKnownFileType = sourcecode.swift; path = FlickrImageAPI.swift; sourceTree = "<group>"; };
		6CF62F53209460080043B409 /* FlickrURL.swift */ = {isa = PBXFileReference; lastKnownFileType = sourcecode.swift; path = FlickrURL.swift; sourceTree = "<group>"; };
		6CF62F562094626F0043B409 /* String.swift */ = {isa = PBXFileReference; lastKnownFileType = sourcecode.swift; path = String.swift; sourceTree = "<group>"; };
/* End PBXFileReference section */

/* Begin PBXFrameworksBuildPhase section */
		6C65ED3B209408A10029FBD5 /* Frameworks */ = {
			isa = PBXFrameworksBuildPhase;
			buildActionMask = 2147483647;
			files = (
			);
			runOnlyForDeploymentPostprocessing = 0;
		};
		6C65ED4F209408A20029FBD5 /* Frameworks */ = {
			isa = PBXFrameworksBuildPhase;
			buildActionMask = 2147483647;
			files = (
			);
			runOnlyForDeploymentPostprocessing = 0;
		};
/* End PBXFrameworksBuildPhase section */

/* Begin PBXGroup section */
		6C65ED35209408A10029FBD5 = {
			isa = PBXGroup;
			children = (
				6C65ED40209408A10029FBD5 /* FlickrSlideShow */,
				6C65ED55209408A20029FBD5 /* FlickrSlideShowTests */,
				6C65ED3F209408A10029FBD5 /* Products */,
			);
			indentWidth = 2;
			sourceTree = "<group>";
			tabWidth = 2;
		};
		6C65ED3F209408A10029FBD5 /* Products */ = {
			isa = PBXGroup;
			children = (
				6C65ED3E209408A10029FBD5 /* FlickrSlideShow.app */,
				6C65ED52209408A20029FBD5 /* FlickrSlideShowTests.xctest */,
			);
			name = Products;
			sourceTree = "<group>";
		};
		6C65ED40209408A10029FBD5 /* FlickrSlideShow */ = {
			isa = PBXGroup;
			children = (
				6CF62F55209462660043B409 /* Extension */,
				6CF62F5020945D2D0043B409 /* FlickrAPI */,
				6CF62F4F209428EF0043B409 /* Storyboards */,
				6CF62F4E209428E30043B409 /* ViewControllers */,
				6C65ED41209408A10029FBD5 /* AppDelegate.swift */,
				6C65ED48209408A20029FBD5 /* Assets.xcassets */,
				6C65ED4D209408A20029FBD5 /* Info.plist */,
			);
			path = FlickrSlideShow;
			sourceTree = "<group>";
		};
		6C65ED55209408A20029FBD5 /* FlickrSlideShowTests */ = {
			isa = PBXGroup;
			children = (
				6C65ED56209408A20029FBD5 /* FlickrSlideShowTests.swift */,
				6C65ED58209408A20029FBD5 /* Info.plist */,
			);
			path = FlickrSlideShowTests;
			sourceTree = "<group>";
		};
		6CF62F4E209428E30043B409 /* ViewControllers */ = {
			isa = PBXGroup;
			children = (
				6C46DE76209424EB00EE7F54 /* SlideViewController.swift */,
				6C65ED43209408A10029FBD5 /* StartViewController.swift */,
			);
			path = ViewControllers;
			sourceTree = "<group>";
		};
		6CF62F4F209428EF0043B409 /* Storyboards */ = {
			isa = PBXGroup;
			children = (
				6C65ED4A209408A20029FBD5 /* LaunchScreen.storyboard */,
				6C65ED45209408A10029FBD5 /* Main.storyboard */,
			);
			path = Storyboards;
			sourceTree = "<group>";
		};
		6CF62F5020945D2D0043B409 /* FlickrAPI */ = {
			isa = PBXGroup;
			children = (
				6CF62F5120945F610043B409 /* FlickrImageAPI.swift */,
				6CF62F53209460080043B409 /* FlickrURL.swift */,
				6C52577F20946F9E00097E91 /* FlickrPublicFeedResponse.swift */,
				6C52578120946FBB00097E91 /* FlickrImageMetaData.swift */,
				6C8335612094BCF100662188 /* FlickrImageQueue.swift */,
			);
			path = FlickrAPI;
			sourceTree = "<group>";
		};
		6CF62F55209462660043B409 /* Extension */ = {
			isa = PBXGroup;
			children = (
				6CF62F562094626F0043B409 /* String.swift */,
			);
			path = Extension;
			sourceTree = "<group>";
		};
/* End PBXGroup section */

/* Begin PBXNativeTarget section */
		6C65ED3D209408A10029FBD5 /* FlickrSlideShow */ = {
			isa = PBXNativeTarget;
			buildConfigurationList = 6C65ED5B209408A20029FBD5 /* Build configuration list for PBXNativeTarget "FlickrSlideShow" */;
			buildPhases = (
				6C65ED3A209408A10029FBD5 /* Sources */,
				6C65ED3B209408A10029FBD5 /* Frameworks */,
				6C65ED3C209408A10029FBD5 /* Resources */,
			);
			buildRules = (
			);
			dependencies = (
			);
			name = FlickrSlideShow;
			productName = FlickrSlideShow;
			productReference = 6C65ED3E209408A10029FBD5 /* FlickrSlideShow.app */;
			productType = "com.apple.product-type.application";
		};
		6C65ED51209408A20029FBD5 /* FlickrSlideShowTests */ = {
			isa = PBXNativeTarget;
			buildConfigurationList = 6C65ED5E209408A20029FBD5 /* Build configuration list for PBXNativeTarget "FlickrSlideShowTests" */;
			buildPhases = (
				6C65ED4E209408A20029FBD5 /* Sources */,
				6C65ED4F209408A20029FBD5 /* Frameworks */,
				6C65ED50209408A20029FBD5 /* Resources */,
			);
			buildRules = (
			);
			dependencies = (
				6C65ED54209408A20029FBD5 /* PBXTargetDependency */,
			);
			name = FlickrSlideShowTests;
			productName = FlickrSlideShowTests;
			productReference = 6C65ED52209408A20029FBD5 /* FlickrSlideShowTests.xctest */;
			productType = "com.apple.product-type.bundle.unit-test";
		};
/* End PBXNativeTarget section */

/* Begin PBXProject section */
		6C65ED36209408A10029FBD5 /* Project object */ = {
			isa = PBXProject;
			attributes = {
				LastSwiftUpdateCheck = 0930;
				LastUpgradeCheck = 0930;
				ORGANIZATIONNAME = bs;
				TargetAttributes = {
					6C65ED3D209408A10029FBD5 = {
						CreatedOnToolsVersion = 9.3;
					};
					6C65ED51209408A20029FBD5 = {
						CreatedOnToolsVersion = 9.3;
						TestTargetID = 6C65ED3D209408A10029FBD5;
					};
				};
			};
			buildConfigurationList = 6C65ED39209408A10029FBD5 /* Build configuration list for PBXProject "FlickrSlideShow" */;
			compatibilityVersion = "Xcode 9.3";
			developmentRegion = en;
			hasScannedForEncodings = 0;
			knownRegions = (
				en,
				Base,
			);
			mainGroup = 6C65ED35209408A10029FBD5;
			productRefGroup = 6C65ED3F209408A10029FBD5 /* Products */;
			projectDirPath = "";
			projectRoot = "";
			targets = (
				6C65ED3D209408A10029FBD5 /* FlickrSlideShow */,
				6C65ED51209408A20029FBD5 /* FlickrSlideShowTests */,
			);
		};
/* End PBXProject section */

/* Begin PBXResourcesBuildPhase section */
		6C65ED3C209408A10029FBD5 /* Resources */ = {
			isa = PBXResourcesBuildPhase;
			buildActionMask = 2147483647;
			files = (
				6C65ED4C209408A20029FBD5 /* LaunchScreen.storyboard in Resources */,
				6C65ED49209408A20029FBD5 /* Assets.xcassets in Resources */,
				6C65ED47209408A10029FBD5 /* Main.storyboard in Resources */,
			);
			runOnlyForDeploymentPostprocessing = 0;
		};
		6C65ED50209408A20029FBD5 /* Resources */ = {
			isa = PBXResourcesBuildPhase;
			buildActionMask = 2147483647;
			files = (
			);
			runOnlyForDeploymentPostprocessing = 0;
		};
/* End PBXResourcesBuildPhase section */

/* Begin PBXSourcesBuildPhase section */
		6C65ED3A209408A10029FBD5 /* Sources */ = {
			isa = PBXSourcesBuildPhase;
			buildActionMask = 2147483647;
			files = (
				6CF62F54209460080043B409 /* FlickrURL.swift in Sources */,
				6C833560209488B300662188 /* StartViewController.swift in Sources */,
				6CF62F572094626F0043B409 /* String.swift in Sources */,
				6C65ED42209408A10029FBD5 /* AppDelegate.swift in Sources */,
				6CF62F5220945F610043B409 /* FlickrImageAPI.swift in Sources */,
				6C8335622094BCF100662188 /* FlickrImageQueue.swift in Sources */,
				6C52578020946F9E00097E91 /* FlickrPublicFeedResponse.swift in Sources */,
				6C52578220946FBB00097E91 /* FlickrImageMetaData.swift in Sources */,
				6C46DE77209424EB00EE7F54 /* SlideViewController.swift in Sources */,
			);
			runOnlyForDeploymentPostprocessing = 0;
		};
		6C65ED4E209408A20029FBD5 /* Sources */ = {
			isa = PBXSourcesBuildPhase;
			buildActionMask = 2147483647;
			files = (
				6C65ED57209408A20029FBD5 /* FlickrSlideShowTests.swift in Sources */,
			);
			runOnlyForDeploymentPostprocessing = 0;
		};
/* End PBXSourcesBuildPhase section */

/* Begin PBXTargetDependency section */
		6C65ED54209408A20029FBD5 /* PBXTargetDependency */ = {
			isa = PBXTargetDependency;
			target = 6C65ED3D209408A10029FBD5 /* FlickrSlideShow */;
			targetProxy = 6C65ED53209408A20029FBD5 /* PBXContainerItemProxy */;
		};
/* End PBXTargetDependency section */

/* Begin PBXVariantGroup section */
		6C65ED45209408A10029FBD5 /* Main.storyboard */ = {
			isa = PBXVariantGroup;
			children = (
				6C65ED46209408A10029FBD5 /* Base */,
			);
			name = Main.storyboard;
			sourceTree = "<group>";
		};
		6C65ED4A209408A20029FBD5 /* LaunchScreen.storyboard */ = {
			isa = PBXVariantGroup;
			children = (
				6C65ED4B209408A20029FBD5 /* Base */,
			);
			name = LaunchScreen.storyboard;
			sourceTree = "<group>";
		};
/* End PBXVariantGroup section */

/* Begin XCBuildConfiguration section */
		6C65ED59209408A20029FBD5 /* Debug */ = {
			isa = XCBuildConfiguration;
			buildSettings = {
				ALWAYS_SEARCH_USER_PATHS = NO;
				CLANG_ANALYZER_NONNULL = YES;
				CLANG_ANALYZER_NUMBER_OBJECT_CONVERSION = YES_AGGRESSIVE;
				CLANG_CXX_LANGUAGE_STANDARD = "gnu++14";
				CLANG_CXX_LIBRARY = "libc++";
				CLANG_ENABLE_MODULES = YES;
				CLANG_ENABLE_OBJC_ARC = YES;
				CLANG_ENABLE_OBJC_WEAK = YES;
				CLANG_WARN_BLOCK_CAPTURE_AUTORELEASING = YES;
				CLANG_WARN_BOOL_CONVERSION = YES;
				CLANG_WARN_COMMA = YES;
				CLANG_WARN_CONSTANT_CONVERSION = YES;
				CLANG_WARN_DEPRECATED_OBJC_IMPLEMENTATIONS = YES;
				CLANG_WARN_DIRECT_OBJC_ISA_USAGE = YES_ERROR;
				CLANG_WARN_DOCUMENTATION_COMMENTS = YES;
				CLANG_WARN_EMPTY_BODY = YES;
				CLANG_WARN_ENUM_CONVERSION = YES;
				CLANG_WARN_INFINITE_RECURSION = YES;
				CLANG_WARN_INT_CONVERSION = YES;
				CLANG_WARN_NON_LITERAL_NULL_CONVERSION = YES;
				CLANG_WARN_OBJC_IMPLICIT_RETAIN_SELF = YES;
				CLANG_WARN_OBJC_LITERAL_CONVERSION = YES;
				CLANG_WARN_OBJC_ROOT_CLASS = YES_ERROR;
				CLANG_WARN_RANGE_LOOP_ANALYSIS = YES;
				CLANG_WARN_STRICT_PROTOTYPES = YES;
				CLANG_WARN_SUSPICIOUS_MOVE = YES;
				CLANG_WARN_UNGUARDED_AVAILABILITY = YES_AGGRESSIVE;
				CLANG_WARN_UNREACHABLE_CODE = YES;
				CLANG_WARN__DUPLICATE_METHOD_MATCH = YES;
				CODE_SIGN_IDENTITY = "iPhone Developer";
				COPY_PHASE_STRIP = NO;
				DEBUG_INFORMATION_FORMAT = dwarf;
				ENABLE_STRICT_OBJC_MSGSEND = YES;
				ENABLE_TESTABILITY = YES;
				GCC_C_LANGUAGE_STANDARD = gnu11;
				GCC_DYNAMIC_NO_PIC = NO;
				GCC_NO_COMMON_BLOCKS = YES;
				GCC_OPTIMIZATION_LEVEL = 0;
				GCC_PREPROCESSOR_DEFINITIONS = (
					"DEBUG=1",
					"$(inherited)",
				);
				GCC_WARN_64_TO_32_BIT_CONVERSION = YES;
				GCC_WARN_ABOUT_RETURN_TYPE = YES_ERROR;
				GCC_WARN_UNDECLARED_SELECTOR = YES;
				GCC_WARN_UNINITIALIZED_AUTOS = YES_AGGRESSIVE;
				GCC_WARN_UNUSED_FUNCTION = YES;
				GCC_WARN_UNUSED_VARIABLE = YES;
				IPHONEOS_DEPLOYMENT_TARGET = 11.3;
				MTL_ENABLE_DEBUG_INFO = YES;
				ONLY_ACTIVE_ARCH = YES;
				SDKROOT = iphoneos;
				SWIFT_ACTIVE_COMPILATION_CONDITIONS = DEBUG;
				SWIFT_OPTIMIZATION_LEVEL = "-Onone";
			};
			name = Debug;
		};
		6C65ED5A209408A20029FBD5 /* Release */ = {
			isa = XCBuildConfiguration;
			buildSettings = {
				ALWAYS_SEARCH_USER_PATHS = NO;
				CLANG_ANALYZER_NONNULL = YES;
				CLANG_ANALYZER_NUMBER_OBJECT_CONVERSION = YES_AGGRESSIVE;
				CLANG_CXX_LANGUAGE_STANDARD = "gnu++14";
				CLANG_CXX_LIBRARY = "libc++";
				CLANG_ENABLE_MODULES = YES;
				CLANG_ENABLE_OBJC_ARC = YES;
				CLANG_ENABLE_OBJC_WEAK = YES;
				CLANG_WARN_BLOCK_CAPTURE_AUTORELEASING = YES;
				CLANG_WARN_BOOL_CONVERSION = YES;
				CLANG_WARN_COMMA = YES;
				CLANG_WARN_CONSTANT_CONVERSION = YES;
				CLANG_WARN_DEPRECATED_OBJC_IMPLEMENTATIONS = YES;
				CLANG_WARN_DIRECT_OBJC_ISA_USAGE = YES_ERROR;
				CLANG_WARN_DOCUMENTATION_COMMENTS = YES;
				CLANG_WARN_EMPTY_BODY = YES;
				CLANG_WARN_ENUM_CONVERSION = YES;
				CLANG_WARN_INFINITE_RECURSION = YES;
				CLANG_WARN_INT_CONVERSION = YES;
				CLANG_WARN_NON_LITERAL_NULL_CONVERSION = YES;
				CLANG_WARN_OBJC_IMPLICIT_RETAIN_SELF = YES;
				CLANG_WARN_OBJC_LITERAL_CONVERSION = YES;
				CLANG_WARN_OBJC_ROOT_CLASS = YES_ERROR;
				CLANG_WARN_RANGE_LOOP_ANALYSIS = YES;
				CLANG_WARN_STRICT_PROTOTYPES = YES;
				CLANG_WARN_SUSPICIOUS_MOVE = YES;
				CLANG_WARN_UNGUARDED_AVAILABILITY = YES_AGGRESSIVE;
				CLANG_WARN_UNREACHABLE_CODE = YES;
				CLANG_WARN__DUPLICATE_METHOD_MATCH = YES;
				CODE_SIGN_IDENTITY = "iPhone Developer";
				COPY_PHASE_STRIP = NO;
				DEBUG_INFORMATION_FORMAT = "dwarf-with-dsym";
				ENABLE_NS_ASSERTIONS = NO;
				ENABLE_STRICT_OBJC_MSGSEND = YES;
				GCC_C_LANGUAGE_STANDARD = gnu11;
				GCC_NO_COMMON_BLOCKS = YES;
				GCC_WARN_64_TO_32_BIT_CONVERSION = YES;
				GCC_WARN_ABOUT_RETURN_TYPE = YES_ERROR;
				GCC_WARN_UNDECLARED_SELECTOR = YES;
				GCC_WARN_UNINITIALIZED_AUTOS = YES_AGGRESSIVE;
				GCC_WARN_UNUSED_FUNCTION = YES;
				GCC_WARN_UNUSED_VARIABLE = YES;
				IPHONEOS_DEPLOYMENT_TARGET = 11.3;
				MTL_ENABLE_DEBUG_INFO = NO;
				SDKROOT = iphoneos;
				SWIFT_COMPILATION_MODE = wholemodule;
				SWIFT_OPTIMIZATION_LEVEL = "-O";
				VALIDATE_PRODUCT = YES;
			};
			name = Release;
		};
		6C65ED5C209408A20029FBD5 /* Debug */ = {
			isa = XCBuildConfiguration;
			buildSettings = {
				ASSETCATALOG_COMPILER_APPICON_NAME = AppIcon;
				CODE_SIGN_STYLE = Automatic;
				DEVELOPMENT_TEAM = ANM7DT8PCR;
				INFOPLIST_FILE = FlickrSlideShow/Info.plist;
				IPHONEOS_DEPLOYMENT_TARGET = 9.0;
				LD_RUNPATH_SEARCH_PATHS = (
					"$(inherited)",
					"@executable_path/Frameworks",
				);
				PRODUCT_BUNDLE_IDENTIFIER = bs.FlickrSlideShow;
				PRODUCT_NAME = "$(TARGET_NAME)";
				SWIFT_VERSION = 4.0;
				TARGETED_DEVICE_FAMILY = "1,2";
			};
			name = Debug;
		};
		6C65ED5D209408A20029FBD5 /* Release */ = {
			isa = XCBuildConfiguration;
			buildSettings = {
				ASSETCATALOG_COMPILER_APPICON_NAME = AppIcon;
				CODE_SIGN_STYLE = Automatic;
				DEVELOPMENT_TEAM = ANM7DT8PCR;
				INFOPLIST_FILE = FlickrSlideShow/Info.plist;
				IPHONEOS_DEPLOYMENT_TARGET = 9.0;
				LD_RUNPATH_SEARCH_PATHS = (
					"$(inherited)",
					"@executable_path/Frameworks",
				);
				PRODUCT_BUNDLE_IDENTIFIER = bs.FlickrSlideShow;
				PRODUCT_NAME = "$(TARGET_NAME)";
				SWIFT_VERSION = 4.0;
				TARGETED_DEVICE_FAMILY = "1,2";
			};
			name = Release;
		};
		6C65ED5F209408A20029FBD5 /* Debug */ = {
			isa = XCBuildConfiguration;
			buildSettings = {
				ALWAYS_EMBED_SWIFT_STANDARD_LIBRARIES = YES;
				BUNDLE_LOADER = "$(TEST_HOST)";
				CODE_SIGN_STYLE = Automatic;
				DEVELOPMENT_TEAM = ANM7DT8PCR;
				INFOPLIST_FILE = FlickrSlideShowTests/Info.plist;
				LD_RUNPATH_SEARCH_PATHS = (
					"$(inherited)",
					"@executable_path/Frameworks",
					"@loader_path/Frameworks",
				);
				PRODUCT_BUNDLE_IDENTIFIER = bs.FlickrSlideShowTests;
				PRODUCT_NAME = "$(TARGET_NAME)";
				SWIFT_VERSION = 4.0;
				TARGETED_DEVICE_FAMILY = "1,2";
				TEST_HOST = "$(BUILT_PRODUCTS_DIR)/FlickrSlideShow.app/FlickrSlideShow";
			};
			name = Debug;
		};
		6C65ED60209408A20029FBD5 /* Release */ = {
			isa = XCBuildConfiguration;
			buildSettings = {
				ALWAYS_EMBED_SWIFT_STANDARD_LIBRARIES = YES;
				BUNDLE_LOADER = "$(TEST_HOST)";
				CODE_SIGN_STYLE = Automatic;
				DEVELOPMENT_TEAM = ANM7DT8PCR;
				INFOPLIST_FILE = FlickrSlideShowTests/Info.plist;
				LD_RUNPATH_SEARCH_PATHS = (
					"$(inherited)",
					"@executable_path/Frameworks",
					"@loader_path/Frameworks",
				);
				PRODUCT_BUNDLE_IDENTIFIER = bs.FlickrSlideShowTests;
				PRODUCT_NAME = "$(TARGET_NAME)";
				SWIFT_VERSION = 4.0;
				TARGETED_DEVICE_FAMILY = "1,2";
				TEST_HOST = "$(BUILT_PRODUCTS_DIR)/FlickrSlideShow.app/FlickrSlideShow";
			};
			name = Release;
		};
/* End XCBuildConfiguration section */

/* Begin XCConfigurationList section */
		6C65ED39209408A10029FBD5 /* Build configuration list for PBXProject "FlickrSlideShow" */ = {
			isa = XCConfigurationList;
			buildConfigurations = (
				6C65ED59209408A20029FBD5 /* Debug */,
				6C65ED5A209408A20029FBD5 /* Release */,
			);
			defaultConfigurationIsVisible = 0;
			defaultConfigurationName = Release;
		};
		6C65ED5B209408A20029FBD5 /* Build configuration list for PBXNativeTarget "FlickrSlideShow" */ = {
			isa = XCConfigurationList;
			buildConfigurations = (
				6C65ED5C209408A20029FBD5 /* Debug */,
				6C65ED5D209408A20029FBD5 /* Release */,
			);
			defaultConfigurationIsVisible = 0;
			defaultConfigurationName = Release;
		};
		6C65ED5E209408A20029FBD5 /* Build configuration list for PBXNativeTarget "FlickrSlideShowTests" */ = {
			isa = XCConfigurationList;
			buildConfigurations = (
				6C65ED5F209408A20029FBD5 /* Debug */,
				6C65ED60209408A20029FBD5 /* Release */,
			);
			defaultConfigurationIsVisible = 0;
			defaultConfigurationName = Release;
		};
/* End XCConfigurationList section */
	};
	rootObject = 6C65ED36209408A10029FBD5 /* Project object */;
}
